
Microsoft Visual Studio Solution File, Format Version 12.00
# Visual Studio Version 17
VisualStudioVersion = 17.14.36310.24
MinimumVisualStudioVersion = 10.0.40219.1
Project("{FAE04EC0-301F-11D3-BF4B-00C04F79EFBC}") = "Unmath", "..\..\Unmath.csproj", "{B3C57764-CFDE-7E46-AB9C-0CEAF9E29E34}"
EndProject
Global
	GlobalSection(SolutionConfigurationPlatforms) = preSolution
		Debug|Any CPU = Debug|Any CPU
		Release|Any CPU = Release|Any CPU
	EndGlobalSection
	GlobalSection(ProjectConfigurationPlatforms) = postSolution
		{B3C57764-CFDE-7E46-AB9C-0CEAF9E29E34}.Debug|Any CPU.ActiveCfg = Debug|Any CPU
		{B3C57764-CFDE-7E46-AB9C-0CEAF9E29E34}.Debug|Any CPU.Build.0 = Debug|Any CPU
		{B3C57764-CFDE-7E46-AB9C-0CEAF9E29E34}.Release|Any CPU.ActiveCfg = Release|Any CPU
		{B3C57764-CFDE-7E46-AB9C-0CEAF9E29E34}.Release|Any CPU.Build.0 = Release|Any CPU
	EndGlobalSection
	GlobalSection(SolutionProperties) = preSolution
		HideSolutionNode = FALSE
	EndGlobalSection
	GlobalSection(ExtensibilityGlobals) = postSolution
		SolutionGuid = {A9D0AAD4-179D-40D4-929D-C586854F4466}
	EndGlobalSection
EndGlobal
